// !$*UTF8*$!
{
	archiveVersion = 1;
	classes = {
	};
	objectVersion = 50;
	objects = {

/* Begin PBXBuildFile section */
		19EE3BC626F4382C00D98638 /* AppDelegate.swift in Sources */ = {isa = PBXBuildFile; fileRef = 19EE3BC526F4382C00D98638 /* AppDelegate.swift */; };
		19EE3BC826F4382C00D98638 /* SceneDelegate.swift in Sources */ = {isa = PBXBuildFile; fileRef = 19EE3BC726F4382C00D98638 /* SceneDelegate.swift */; };
		19EE3BCD26F4382C00D98638 /* Main.storyboard in Resources */ = {isa = PBXBuildFile; fileRef = 19EE3BCB26F4382C00D98638 /* Main.storyboard */; };
		19EE3BCF26F4383300D98638 /* Assets.xcassets in Resources */ = {isa = PBXBuildFile; fileRef = 19EE3BCE26F4383300D98638 /* Assets.xcassets */; };
		19EE3BD226F4383300D98638 /* LaunchScreen.storyboard in Resources */ = {isa = PBXBuildFile; fileRef = 19EE3BD026F4383300D98638 /* LaunchScreen.storyboard */; };
		19EE3BDD26F43F8500D98638 /* TagFilterController.swift in Sources */ = {isa = PBXBuildFile; fileRef = 19EE3BDC26F43F8500D98638 /* TagFilterController.swift */; };
		19EE3BDF26F43FFA00D98638 /* TagCellProperties.swift in Sources */ = {isa = PBXBuildFile; fileRef = 19EE3BDE26F43FFA00D98638 /* TagCellProperties.swift */; };
		19EE3BE226F4449200D98638 /* TagCell.swift in Sources */ = {isa = PBXBuildFile; fileRef = 19EE3BE126F4449200D98638 /* TagCell.swift */; };
/* End PBXBuildFile section */

/* Begin PBXFileReference section */
		19EE3BC226F4382C00D98638 /* Invisi-Tag Lab.app */ = {isa = PBXFileReference; explicitFileType = wrapper.application; includeInIndex = 0; path = "Invisi-Tag Lab.app"; sourceTree = BUILT_PRODUCTS_DIR; };
		19EE3BC526F4382C00D98638 /* AppDelegate.swift */ = {isa = PBXFileReference; lastKnownFileType = sourcecode.swift; path = AppDelegate.swift; sourceTree = "<group>"; };
		19EE3BC726F4382C00D98638 /* SceneDelegate.swift */ = {isa = PBXFileReference; lastKnownFileType = sourcecode.swift; path = SceneDelegate.swift; sourceTree = "<group>"; };
		19EE3BCC26F4382C00D98638 /* Base */ = {isa = PBXFileReference; lastKnownFileType = file.storyboard; name = Base; path = Base.lproj/Main.storyboard; sourceTree = "<group>"; };
		19EE3BCE26F4383300D98638 /* Assets.xcassets */ = {isa = PBXFileReference; lastKnownFileType = folder.assetcatalog; path = Assets.xcassets; sourceTree = "<group>"; };
		19EE3BD126F4383300D98638 /* Base */ = {isa = PBXFileReference; lastKnownFileType = file.storyboard; name = Base; path = Base.lproj/LaunchScreen.storyboard; sourceTree = "<group>"; };
		19EE3BD326F4383300D98638 /* Info.plist */ = {isa = PBXFileReference; lastKnownFileType = text.plist.xml; path = Info.plist; sourceTree = "<group>"; };
		19EE3BDC26F43F8500D98638 /* TagFilterController.swift */ = {isa = PBXFileReference; lastKnownFileType = sourcecode.swift; path = TagFilterController.swift; sourceTree = "<group>"; };
		19EE3BDE26F43FFA00D98638 /* TagCellProperties.swift */ = {isa = PBXFileReference; lastKnownFileType = sourcecode.swift; path = TagCellProperties.swift; sourceTree = "<group>"; };
		19EE3BE126F4449200D98638 /* TagCell.swift */ = {isa = PBXFileReference; lastKnownFileType = sourcecode.swift; path = TagCell.swift; sourceTree = "<group>"; };
/* End PBXFileReference section */

/* Begin PBXFrameworksBuildPhase section */
		19EE3BBF26F4382C00D98638 /* Frameworks */ = {
			isa = PBXFrameworksBuildPhase;
			buildActionMask = 2147483647;
			files = (
			);
			runOnlyForDeploymentPostprocessing = 0;
		};
/* End PBXFrameworksBuildPhase section */

/* Begin PBXGroup section */
		19EE3BB926F4382B00D98638 = {
			isa = PBXGroup;
			children = (
				19EE3BC426F4382C00D98638 /* Invisi-Tag Lab */,
				19EE3BC326F4382C00D98638 /* Products */,
			);
			sourceTree = "<group>";
		};
		19EE3BC326F4382C00D98638 /* Products */ = {
			isa = PBXGroup;
			children = (
				19EE3BC226F4382C00D98638 /* Invisi-Tag Lab.app */,
			);
			name = Products;
			sourceTree = "<group>";
		};
		19EE3BC426F4382C00D98638 /* Invisi-Tag Lab */ = {
			isa = PBXGroup;
			children = (
				19EE3BCB26F4382C00D98638 /* Main.storyboard */,
				19EE3BDA26F43F3200D98638 /* Tag Filtering Prototype */,
				19EE3BCE26F4383300D98638 /* Assets.xcassets */,
				19EE3BD926F4397700D98638 /* Other Files */,
			);
			path = "Invisi-Tag Lab";
			sourceTree = "<group>";
		};
		19EE3BD926F4397700D98638 /* Other Files */ = {
			isa = PBXGroup;
			children = (
				19EE3BC726F4382C00D98638 /* SceneDelegate.swift */,
				19EE3BC526F4382C00D98638 /* AppDelegate.swift */,
				19EE3BD026F4383300D98638 /* LaunchScreen.storyboard */,
				19EE3BD326F4383300D98638 /* Info.plist */,
			);
			path = "Other Files";
			sourceTree = "<group>";
		};
		19EE3BDA26F43F3200D98638 /* Tag Filtering Prototype */ = {
			isa = PBXGroup;
			children = (
				19EE3BDC26F43F8500D98638 /* TagFilterController.swift */,
				19EE3BDE26F43FFA00D98638 /* TagCellProperties.swift */,
				19EE3BE126F4449200D98638 /* TagCell.swift */,
			);
			path = "Tag Filtering Prototype";
			sourceTree = "<group>";
		};
/* End PBXGroup section */

/* Begin PBXNativeTarget section */
		19EE3BC126F4382C00D98638 /* Invisi-Tag Lab */ = {
			isa = PBXNativeTarget;
			buildConfigurationList = 19EE3BD626F4383300D98638 /* Build configuration list for PBXNativeTarget "Invisi-Tag Lab" */;
			buildPhases = (
				19EE3BBE26F4382C00D98638 /* Sources */,
				19EE3BBF26F4382C00D98638 /* Frameworks */,
				19EE3BC026F4382C00D98638 /* Resources */,
			);
			buildRules = (
			);
			dependencies = (
			);
			name = "Invisi-Tag Lab";
			productName = "Invisi-Tag Lab";
			productReference = 19EE3BC226F4382C00D98638 /* Invisi-Tag Lab.app */;
			productType = "com.apple.product-type.application";
		};
/* End PBXNativeTarget section */

/* Begin PBXProject section */
		19EE3BBA26F4382C00D98638 /* Project object */ = {
			isa = PBXProject;
			attributes = {
				LastSwiftUpdateCheck = 1250;
				LastUpgradeCheck = 1250;
				TargetAttributes = {
					19EE3BC126F4382C00D98638 = {
						CreatedOnToolsVersion = 12.5;
					};
				};
			};
			buildConfigurationList = 19EE3BBD26F4382C00D98638 /* Build configuration list for PBXProject "Invisi-Tag Lab" */;
			compatibilityVersion = "Xcode 9.3";
			developmentRegion = en;
			hasScannedForEncodings = 0;
			knownRegions = (
				en,
				Base,
			);
			mainGroup = 19EE3BB926F4382B00D98638;
			productRefGroup = 19EE3BC326F4382C00D98638 /* Products */;
			projectDirPath = "";
			projectRoot = "";
			targets = (
				19EE3BC126F4382C00D98638 /* Invisi-Tag Lab */,
			);
		};
/* End PBXProject section */

/* Begin PBXResourcesBuildPhase section */
		19EE3BC026F4382C00D98638 /* Resources */ = {
			isa = PBXResourcesBuildPhase;
			buildActionMask = 2147483647;
			files = (
				19EE3BD226F4383300D98638 /* LaunchScreen.storyboard in Resources */,
				19EE3BCF26F4383300D98638 /* Assets.xcassets in Resources */,
				19EE3BCD26F4382C00D98638 /* Main.storyboard in Resources */,
			);
			runOnlyForDeploymentPostprocessing = 0;
		};
/* End PBXResourcesBuildPhase section */

/* Begin PBXSourcesBuildPhase section */
		19EE3BBE26F4382C00D98638 /* Sources */ = {
			isa = PBXSourcesBuildPhase;
			buildActionMask = 2147483647;
			files = (
				19EE3BDD26F43F8500D98638 /* TagFilterController.swift in Sources */,
				19EE3BC626F4382C00D98638 /* AppDelegate.swift in Sources */,
				19EE3BE226F4449200D98638 /* TagCell.swift in Sources */,
				19EE3BC826F4382C00D98638 /* SceneDelegate.swift in Sources */,
				19EE3BDF26F43FFA00D98638 /* TagCellProperties.swift in Sources */,
			);
			runOnlyForDeploymentPostprocessing = 0;
		};
/* End PBXSourcesBuildPhase section */

/* Begin PBXVariantGroup section */
		19EE3BCB26F4382C00D98638 /* Main.storyboard */ = {
			isa = PBXVariantGroup;
			children = (
				19EE3BCC26F4382C00D98638 /* Base */,
			);
			name = Main.storyboard;
			sourceTree = "<group>";
		};
		19EE3BD026F4383300D98638 /* LaunchScreen.storyboard */ = {
			isa = PBXVariantGroup;
			children = (
				19EE3BD126F4383300D98638 /* Base */,
			);
			name = LaunchScreen.storyboard;
			sourceTree = "<group>";
		};
/* End PBXVariantGroup section */

/* Begin XCBuildConfiguration section */
		19EE3BD426F4383300D98638 /* Debug */ = {
			isa = XCBuildConfiguration;
			buildSettings = {
				ALWAYS_SEARCH_USER_PATHS = NO;
				CLANG_ANALYZER_NONNULL = YES;
				CLANG_ANALYZER_NUMBER_OBJECT_CONVERSION = YES_AGGRESSIVE;
				CLANG_CXX_LANGUAGE_STANDARD = "gnu++14";
				CLANG_CXX_LIBRARY = "libc++";
				CLANG_ENABLE_MODULES = YES;
				CLANG_ENABLE_OBJC_ARC = YES;
				CLANG_ENABLE_OBJC_WEAK = YES;
				CLANG_WARN_BLOCK_CAPTURE_AUTORELEASING = YES;
				CLANG_WARN_BOOL_CONVERSION = YES;
				CLANG_WARN_COMMA = YES;
				CLANG_WARN_CONSTANT_CONVERSION = YES;
				CLANG_WARN_DEPRECATED_OBJC_IMPLEMENTATIONS = YES;
				CLANG_WARN_DIRECT_OBJC_ISA_USAGE = YES_ERROR;
				CLANG_WARN_DOCUMENTATION_COMMENTS = YES;
				CLANG_WARN_EMPTY_BODY = YES;
				CLANG_WARN_ENUM_CONVERSION = YES;
				CLANG_WARN_INFINITE_RECURSION = YES;
				CLANG_WARN_INT_CONVERSION = YES;
				CLANG_WARN_NON_LITERAL_NULL_CONVERSION = YES;
				CLANG_WARN_OBJC_IMPLICIT_RETAIN_SELF = YES;
				CLANG_WARN_OBJC_LITERAL_CONVERSION = YES;
				CLANG_WARN_OBJC_ROOT_CLASS = YES_ERROR;
				CLANG_WARN_QUOTED_INCLUDE_IN_FRAMEWORK_HEADER = YES;
				CLANG_WARN_RANGE_LOOP_ANALYSIS = YES;
				CLANG_WARN_STRICT_PROTOTYPES = YES;
				CLANG_WARN_SUSPICIOUS_MOVE = YES;
				CLANG_WARN_UNGUARDED_AVAILABILITY = YES_AGGRESSIVE;
				CLANG_WARN_UNREACHABLE_CODE = YES;
				CLANG_WARN__DUPLICATE_METHOD_MATCH = YES;
				COPY_PHASE_STRIP = NO;
				DEBUG_INFORMATION_FORMAT = dwarf;
				ENABLE_STRICT_OBJC_MSGSEND = YES;
				ENABLE_TESTABILITY = YES;
				GCC_C_LANGUAGE_STANDARD = gnu11;
				GCC_DYNAMIC_NO_PIC = NO;
				GCC_NO_COMMON_BLOCKS = YES;
				GCC_OPTIMIZATION_LEVEL = 0;
				GCC_PREPROCESSOR_DEFINITIONS = (
					"DEBUG=1",
					"$(inherited)",
				);
				GCC_WARN_64_TO_32_BIT_CONVERSION = YES;
				GCC_WARN_ABOUT_RETURN_TYPE = YES_ERROR;
				GCC_WARN_UNDECLARED_SELECTOR = YES;
				GCC_WARN_UNINITIALIZED_AUTOS = YES_AGGRESSIVE;
				GCC_WARN_UNUSED_FUNCTION = YES;
				GCC_WARN_UNUSED_VARIABLE = YES;
				IPHONEOS_DEPLOYMENT_TARGET = 14.5;
				MTL_ENABLE_DEBUG_INFO = INCLUDE_SOURCE;
				MTL_FAST_MATH = YES;
				ONLY_ACTIVE_ARCH = YES;
				SDKROOT = iphoneos;
				SWIFT_ACTIVE_COMPILATION_CONDITIONS = DEBUG;
				SWIFT_OPTIMIZATION_LEVEL = "-Onone";
			};
			name = Debug;
		};
		19EE3BD526F4383300D98638 /* Release */ = {
			isa = XCBuildConfiguration;
			buildSettings = {
				ALWAYS_SEARCH_USER_PATHS = NO;
				CLANG_ANALYZER_NONNULL = YES;
				CLANG_ANALYZER_NUMBER_OBJECT_CONVERSION = YES_AGGRESSIVE;
				CLANG_CXX_LANGUAGE_STANDARD = "gnu++14";
				CLANG_CXX_LIBRARY = "libc++";
				CLANG_ENABLE_MODULES = YES;
				CLANG_ENABLE_OBJC_ARC = YES;
				CLANG_ENABLE_OBJC_WEAK = YES;
				CLANG_WARN_BLOCK_CAPTURE_AUTORELEASING = YES;
				CLANG_WARN_BOOL_CONVERSION = YES;
				CLANG_WARN_COMMA = YES;
				CLANG_WARN_CONSTANT_CONVERSION = YES;
				CLANG_WARN_DEPRECATED_OBJC_IMPLEMENTATIONS = YES;
				CLANG_WARN_DIRECT_OBJC_ISA_USAGE = YES_ERROR;
				CLANG_WARN_DOCUMENTATION_COMMENTS = YES;
				CLANG_WARN_EMPTY_BODY = YES;
				CLANG_WARN_ENUM_CONVERSION = YES;
				CLANG_WARN_INFINITE_RECURSION = YES;
				CLANG_WARN_INT_CONVERSION = YES;
				CLANG_WARN_NON_LITERAL_NULL_CONVERSION = YES;
				CLANG_WARN_OBJC_IMPLICIT_RETAIN_SELF = YES;
				CLANG_WARN_OBJC_LITERAL_CONVERSION = YES;
				CLANG_WARN_OBJC_ROOT_CLASS = YES_ERROR;
				CLANG_WARN_QUOTED_INCLUDE_IN_FRAMEWORK_HEADER = YES;
				CLANG_WARN_RANGE_LOOP_ANALYSIS = YES;
				CLANG_WARN_STRICT_PROTOTYPES = YES;
				CLANG_WARN_SUSPICIOUS_MOVE = YES;
				CLANG_WARN_UNGUARDED_AVAILABILITY = YES_AGGRESSIVE;
				CLANG_WARN_UNREACHABLE_CODE = YES;
				CLANG_WARN__DUPLICATE_METHOD_MATCH = YES;
				COPY_PHASE_STRIP = NO;
				DEBUG_INFORMATION_FORMAT = "dwarf-with-dsym";
				ENABLE_NS_ASSERTIONS = NO;
				ENABLE_STRICT_OBJC_MSGSEND = YES;
				GCC_C_LANGUAGE_STANDARD = gnu11;
				GCC_NO_COMMON_BLOCKS = YES;
				GCC_WARN_64_TO_32_BIT_CONVERSION = YES;
				GCC_WARN_ABOUT_RETURN_TYPE = YES_ERROR;
				GCC_WARN_UNDECLARED_SELECTOR = YES;
				GCC_WARN_UNINITIALIZED_AUTOS = YES_AGGRESSIVE;
				GCC_WARN_UNUSED_FUNCTION = YES;
				GCC_WARN_UNUSED_VARIABLE = YES;
				IPHONEOS_DEPLOYMENT_TARGET = 14.5;
				MTL_ENABLE_DEBUG_INFO = NO;
				MTL_FAST_MATH = YES;
				SDKROOT = iphoneos;
				SWIFT_COMPILATION_MODE = wholemodule;
				SWIFT_OPTIMIZATION_LEVEL = "-O";
				VALIDATE_PRODUCT = YES;
			};
			name = Release;
		};
		19EE3BD726F4383300D98638 /* Debug */ = {
			isa = XCBuildConfiguration;
			buildSettings = {
				ASSETCATALOG_COMPILER_APPICON_NAME = AppIcon;
				ASSETCATALOG_COMPILER_GLOBAL_ACCENT_COLOR_NAME = AccentColor;
				CODE_SIGN_STYLE = Automatic;
				INFOPLIST_FILE = "Invisi-Tag Lab/Other Files/Info.plist";
				LD_RUNPATH_SEARCH_PATHS = (
					"$(inherited)",
					"@executable_path/Frameworks",
				);
				NEW_SETTING = "";
				PRODUCT_BUNDLE_IDENTIFIER = "Zachary-Doctrove.Invisi-Tag-Lab";
				PRODUCT_NAME = "$(TARGET_NAME)";
				SWIFT_VERSION = 5.0;
				TARGETED_DEVICE_FAMILY = "1,2";
			};
			name = Debug;
		};
		19EE3BD826F4383300D98638 /* Release */ = {
			isa = XCBuildConfiguration;
			buildSettings = {
				ASSETCATALOG_COMPILER_APPICON_NAME = AppIcon;
				ASSETCATALOG_COMPILER_GLOBAL_ACCENT_COLOR_NAME = AccentColor;
				CODE_SIGN_STYLE = Automatic;
				INFOPLIST_FILE = "Invisi-Tag Lab/Other Files/Info.plist";
				LD_RUNPATH_SEARCH_PATHS = (
					"$(inherited)",
					"@executable_path/Frameworks",
				);
				NEW_SETTING = "";
				PRODUCT_BUNDLE_IDENTIFIER = "Zachary-Doctrove.Invisi-Tag-Lab";
				PRODUCT_NAME = "$(TARGET_NAME)";
				SWIFT_VERSION = 5.0;
				TARGETED_DEVICE_FAMILY = "1,2";
			};
			name = Release;
		};
/* End XCBuildConfiguration section */

/* Begin XCConfigurationList section */
		19EE3BBD26F4382C00D98638 /* Build configuration list for PBXProject "Invisi-Tag Lab" */ = {
			isa = XCConfigurationList;
			buildConfigurations = (
				19EE3BD426F4383300D98638 /* Debug */,
				19EE3BD526F4383300D98638 /* Release */,
			);
			defaultConfigurationIsVisible = 0;
			defaultConfigurationName = Release;
		};
		19EE3BD626F4383300D98638 /* Build configuration list for PBXNativeTarget "Invisi-Tag Lab" */ = {
			isa = XCConfigurationList;
			buildConfigurations = (
				19EE3BD726F4383300D98638 /* Debug */,
				19EE3BD826F4383300D98638 /* Release */,
			);
			defaultConfigurationIsVisible = 0;
			defaultConfigurationName = Release;
		};
/* End XCConfigurationList section */
	};
	rootObject = 19EE3BBA26F4382C00D98638 /* Project object */;
}
